
Microsoft Visual Studio Solution File, Format Version 12.00
# Visual Studio Version 17
VisualStudioVersion = 17.10.34916.146
MinimumVisualStudioVersion = 10.0.40219.1
Project("{FAE04EC0-301F-11D3-BF4B-00C04F79EFBC}") = "OtusDictionary", "OtusDictionary\OtusDictionary.csproj", "{EE38B082-2605-480E-A976-EAFBEA76D3B3}"
EndProject
Global
	GlobalSection(SolutionConfigurationPlatforms) = preSolution
		Debug|Any CPU = Debug|Any CPU
		Release|Any CPU = Release|Any CPU
	EndGlobalSection
	GlobalSection(ProjectConfigurationPlatforms) = postSolution
		{EE38B082-2605-480E-A976-EAFBEA76D3B3}.Debug|Any CPU.ActiveCfg = Debug|Any CPU
		{EE38B082-2605-480E-A976-EAFBEA76D3B3}.Debug|Any CPU.Build.0 = Debug|Any CPU
		{EE38B082-2605-480E-A976-EAFBEA76D3B3}.Release|Any CPU.ActiveCfg = Release|Any CPU
		{EE38B082-2605-480E-A976-EAFBEA76D3B3}.Release|Any CPU.Build.0 = Release|Any CPU
	EndGlobalSection
	GlobalSection(SolutionProperties) = preSolution
		HideSolutionNode = FALSE
	EndGlobalSection
	GlobalSection(ExtensibilityGlobals) = postSolution
		SolutionGuid = {D117ABBF-08AB-4721-9EE9-130A7A73EF48}
	EndGlobalSection
EndGlobal
